
Microsoft Visual Studio Solution File, Format Version 12.00
# Visual Studio Version 16
VisualStudioVersion = 16.0.31729.503
MinimumVisualStudioVersion = 10.0.40219.1
Project("{9A19103F-16F7-4668-BE54-9A1E7A4F7556}") = "LiveHome.Server", "LiveHome.Server.csproj", "{66612F04-7771-4796-9EB6-AEF15136F935}"
EndProject
Project("{9A19103F-16F7-4668-BE54-9A1E7A4F7556}") = "LiveHome.IoT", "..\LiveHome.IoT\LiveHome.IoT.csproj", "{617E6D5A-D781-4BC5-BF85-5A7CA4520951}"
EndProject
Project("{FAE04EC0-301F-11D3-BF4B-00C04F79EFBC}") = "LiveHome.Client.Uwp", "..\LiveHome.Client.Uwp\LiveHome.Client.Uwp.csproj", "{AA6125B6-1911-4640-AC9E-884A345A1074}"
EndProject
Project("{FAE04EC0-301F-11D3-BF4B-00C04F79EFBC}") = "LiveHome.Client.Mobile.Android", "..\LiveHome.Client.Mobile\LiveHome.Client.Mobile.Android\LiveHome.Client.Mobile.Android.csproj", "{97BAFB6F-7963-493C-8721-44E43D73294E}"
EndProject
Project("{FAE04EC0-301F-11D3-BF4B-00C04F79EFBC}") = "LiveHome.Client.Mobile", "..\LiveHome.Client.Mobile\LiveHome.Client.Mobile\LiveHome.Client.Mobile.csproj", "{EAFB0951-3156-470F-825B-59C2A148FE20}"
EndProject
Global
	GlobalSection(SolutionConfigurationPlatforms) = preSolution
		Debug|Any CPU = Debug|Any CPU
		Debug|ARM = Debug|ARM
		Debug|ARM64 = Debug|ARM64
		Debug|x64 = Debug|x64
		Debug|x86 = Debug|x86
		Release|Any CPU = Release|Any CPU
		Release|ARM = Release|ARM
		Release|ARM64 = Release|ARM64
		Release|x64 = Release|x64
		Release|x86 = Release|x86
	EndGlobalSection
	GlobalSection(ProjectConfigurationPlatforms) = postSolution
		{66612F04-7771-4796-9EB6-AEF15136F935}.Debug|Any CPU.ActiveCfg = Debug|Any CPU
		{66612F04-7771-4796-9EB6-AEF15136F935}.Debug|Any CPU.Build.0 = Debug|Any CPU
		{66612F04-7771-4796-9EB6-AEF15136F935}.Debug|ARM.ActiveCfg = Debug|Any CPU
		{66612F04-7771-4796-9EB6-AEF15136F935}.Debug|ARM.Build.0 = Debug|Any CPU
		{66612F04-7771-4796-9EB6-AEF15136F935}.Debug|ARM64.ActiveCfg = Debug|Any CPU
		{66612F04-7771-4796-9EB6-AEF15136F935}.Debug|ARM64.Build.0 = Debug|Any CPU
		{66612F04-7771-4796-9EB6-AEF15136F935}.Debug|x64.ActiveCfg = Debug|Any CPU
		{66612F04-7771-4796-9EB6-AEF15136F935}.Debug|x64.Build.0 = Debug|Any CPU
		{66612F04-7771-4796-9EB6-AEF15136F935}.Debug|x86.ActiveCfg = Debug|Any CPU
		{66612F04-7771-4796-9EB6-AEF15136F935}.Debug|x86.Build.0 = Debug|Any CPU
		{66612F04-7771-4796-9EB6-AEF15136F935}.Release|Any CPU.ActiveCfg = Release|Any CPU
		{66612F04-7771-4796-9EB6-AEF15136F935}.Release|Any CPU.Build.0 = Release|Any CPU
		{66612F04-7771-4796-9EB6-AEF15136F935}.Release|ARM.ActiveCfg = Release|Any CPU
		{66612F04-7771-4796-9EB6-AEF15136F935}.Release|ARM.Build.0 = Release|Any CPU
		{66612F04-7771-4796-9EB6-AEF15136F935}.Release|ARM64.ActiveCfg = Release|Any CPU
		{66612F04-7771-4796-9EB6-AEF15136F935}.Release|ARM64.Build.0 = Release|Any CPU
		{66612F04-7771-4796-9EB6-AEF15136F935}.Release|x64.ActiveCfg = Release|Any CPU
		{66612F04-7771-4796-9EB6-AEF15136F935}.Release|x64.Build.0 = Release|Any CPU
		{66612F04-7771-4796-9EB6-AEF15136F935}.Release|x86.ActiveCfg = Release|Any CPU
		{66612F04-7771-4796-9EB6-AEF15136F935}.Release|x86.Build.0 = Release|Any CPU
		{617E6D5A-D781-4BC5-BF85-5A7CA4520951}.Debug|Any CPU.ActiveCfg = Debug|Any CPU
		{617E6D5A-D781-4BC5-BF85-5A7CA4520951}.Debug|Any CPU.Build.0 = Debug|Any CPU
		{617E6D5A-D781-4BC5-BF85-5A7CA4520951}.Debug|ARM.ActiveCfg = Debug|Any CPU
		{617E6D5A-D781-4BC5-BF85-5A7CA4520951}.Debug|ARM.Build.0 = Debug|Any CPU
		{617E6D5A-D781-4BC5-BF85-5A7CA4520951}.Debug|ARM64.ActiveCfg = Debug|Any CPU
		{617E6D5A-D781-4BC5-BF85-5A7CA4520951}.Debug|ARM64.Build.0 = Debug|Any CPU
		{617E6D5A-D781-4BC5-BF85-5A7CA4520951}.Debug|x64.ActiveCfg = Debug|Any CPU
		{617E6D5A-D781-4BC5-BF85-5A7CA4520951}.Debug|x64.Build.0 = Debug|Any CPU
		{617E6D5A-D781-4BC5-BF85-5A7CA4520951}.Debug|x86.ActiveCfg = Debug|Any CPU
		{617E6D5A-D781-4BC5-BF85-5A7CA4520951}.Debug|x86.Build.0 = Debug|Any CPU
		{617E6D5A-D781-4BC5-BF85-5A7CA4520951}.Release|Any CPU.ActiveCfg = Release|Any CPU
		{617E6D5A-D781-4BC5-BF85-5A7CA4520951}.Release|Any CPU.Build.0 = Release|Any CPU
		{617E6D5A-D781-4BC5-BF85-5A7CA4520951}.Release|ARM.ActiveCfg = Release|Any CPU
		{617E6D5A-D781-4BC5-BF85-5A7CA4520951}.Release|ARM.Build.0 = Release|Any CPU
		{617E6D5A-D781-4BC5-BF85-5A7CA4520951}.Release|ARM64.ActiveCfg = Release|Any CPU
		{617E6D5A-D781-4BC5-BF85-5A7CA4520951}.Release|ARM64.Build.0 = Release|Any CPU
		{617E6D5A-D781-4BC5-BF85-5A7CA4520951}.Release|x64.ActiveCfg = Release|Any CPU
		{617E6D5A-D781-4BC5-BF85-5A7CA4520951}.Release|x64.Build.0 = Release|Any CPU
		{617E6D5A-D781-4BC5-BF85-5A7CA4520951}.Release|x86.ActiveCfg = Release|Any CPU
		{617E6D5A-D781-4BC5-BF85-5A7CA4520951}.Release|x86.Build.0 = Release|Any CPU
		{AA6125B6-1911-4640-AC9E-884A345A1074}.Debug|Any CPU.ActiveCfg = Debug|x86
		{AA6125B6-1911-4640-AC9E-884A345A1074}.Debug|ARM.ActiveCfg = Debug|ARM
		{AA6125B6-1911-4640-AC9E-884A345A1074}.Debug|ARM.Build.0 = Debug|ARM
		{AA6125B6-1911-4640-AC9E-884A345A1074}.Debug|ARM.Deploy.0 = Debug|ARM
		{AA6125B6-1911-4640-AC9E-884A345A1074}.Debug|ARM64.ActiveCfg = Debug|ARM64
		{AA6125B6-1911-4640-AC9E-884A345A1074}.Debug|ARM64.Build.0 = Debug|ARM64
		{AA6125B6-1911-4640-AC9E-884A345A1074}.Debug|ARM64.Deploy.0 = Debug|ARM64
		{AA6125B6-1911-4640-AC9E-884A345A1074}.Debug|x64.ActiveCfg = Debug|x64
		{AA6125B6-1911-4640-AC9E-884A345A1074}.Debug|x64.Build.0 = Debug|x64
		{AA6125B6-1911-4640-AC9E-884A345A1074}.Debug|x64.Deploy.0 = Debug|x64
		{AA6125B6-1911-4640-AC9E-884A345A1074}.Debug|x86.ActiveCfg = Debug|x86
		{AA6125B6-1911-4640-AC9E-884A345A1074}.Debug|x86.Build.0 = Debug|x86
		{AA6125B6-1911-4640-AC9E-884A345A1074}.Debug|x86.Deploy.0 = Debug|x86
		{AA6125B6-1911-4640-AC9E-884A345A1074}.Release|Any CPU.ActiveCfg = Release|x86
		{AA6125B6-1911-4640-AC9E-884A345A1074}.Release|ARM.ActiveCfg = Release|ARM
		{AA6125B6-1911-4640-AC9E-884A345A1074}.Release|ARM.Build.0 = Release|ARM
		{AA6125B6-1911-4640-AC9E-884A345A1074}.Release|ARM.Deploy.0 = Release|ARM
		{AA6125B6-1911-4640-AC9E-884A345A1074}.Release|ARM64.ActiveCfg = Release|ARM64
		{AA6125B6-1911-4640-AC9E-884A345A1074}.Release|ARM64.Build.0 = Release|ARM64
		{AA6125B6-1911-4640-AC9E-884A345A1074}.Release|ARM64.Deploy.0 = Release|ARM64
		{AA6125B6-1911-4640-AC9E-884A345A1074}.Release|x64.ActiveCfg = Release|x64
		{AA6125B6-1911-4640-AC9E-884A345A1074}.Release|x64.Build.0 = Release|x64
		{AA6125B6-1911-4640-AC9E-884A345A1074}.Release|x64.Deploy.0 = Release|x64
		{AA6125B6-1911-4640-AC9E-884A345A1074}.Release|x86.ActiveCfg = Release|x86
		{AA6125B6-1911-4640-AC9E-884A345A1074}.Release|x86.Build.0 = Release|x86
		{AA6125B6-1911-4640-AC9E-884A345A1074}.Release|x86.Deploy.0 = Release|x86
		{97BAFB6F-7963-493C-8721-44E43D73294E}.Debug|Any CPU.ActiveCfg = Debug|Any CPU
		{97BAFB6F-7963-493C-8721-44E43D73294E}.Debug|Any CPU.Build.0 = Debug|Any CPU
		{97BAFB6F-7963-493C-8721-44E43D73294E}.Debug|Any CPU.Deploy.0 = Debug|Any CPU
		{97BAFB6F-7963-493C-8721-44E43D73294E}.Debug|ARM.ActiveCfg = Debug|Any CPU
		{97BAFB6F-7963-493C-8721-44E43D73294E}.Debug|ARM.Build.0 = Debug|Any CPU
		{97BAFB6F-7963-493C-8721-44E43D73294E}.Debug|ARM.Deploy.0 = Debug|Any CPU
		{97BAFB6F-7963-493C-8721-44E43D73294E}.Debug|ARM64.ActiveCfg = Debug|Any CPU
		{97BAFB6F-7963-493C-8721-44E43D73294E}.Debug|ARM64.Build.0 = Debug|Any CPU
		{97BAFB6F-7963-493C-8721-44E43D73294E}.Debug|ARM64.Deploy.0 = Debug|Any CPU
		{97BAFB6F-7963-493C-8721-44E43D73294E}.Debug|x64.ActiveCfg = Debug|Any CPU
		{97BAFB6F-7963-493C-8721-44E43D73294E}.Debug|x64.Build.0 = Debug|Any CPU
		{97BAFB6F-7963-493C-8721-44E43D73294E}.Debug|x64.Deploy.0 = Debug|Any CPU
		{97BAFB6F-7963-493C-8721-44E43D73294E}.Debug|x86.ActiveCfg = Debug|Any CPU
		{97BAFB6F-7963-493C-8721-44E43D73294E}.Debug|x86.Build.0 = Debug|Any CPU
		{97BAFB6F-7963-493C-8721-44E43D73294E}.Debug|x86.Deploy.0 = Debug|Any CPU
		{97BAFB6F-7963-493C-8721-44E43D73294E}.Release|Any CPU.ActiveCfg = Release|Any CPU
		{97BAFB6F-7963-493C-8721-44E43D73294E}.Release|Any CPU.Build.0 = Release|Any CPU
		{97BAFB6F-7963-493C-8721-44E43D73294E}.Release|Any CPU.Deploy.0 = Release|Any CPU
		{97BAFB6F-7963-493C-8721-44E43D73294E}.Release|ARM.ActiveCfg = Release|Any CPU
		{97BAFB6F-7963-493C-8721-44E43D73294E}.Release|ARM.Build.0 = Release|Any CPU
		{97BAFB6F-7963-493C-8721-44E43D73294E}.Release|ARM.Deploy.0 = Release|Any CPU
		{97BAFB6F-7963-493C-8721-44E43D73294E}.Release|ARM64.ActiveCfg = Release|Any CPU
		{97BAFB6F-7963-493C-8721-44E43D73294E}.Release|ARM64.Build.0 = Release|Any CPU
		{97BAFB6F-7963-493C-8721-44E43D73294E}.Release|ARM64.Deploy.0 = Release|Any CPU
		{97BAFB6F-7963-493C-8721-44E43D73294E}.Release|x64.ActiveCfg = Release|Any CPU
		{97BAFB6F-7963-493C-8721-44E43D73294E}.Release|x64.Build.0 = Release|Any CPU
		{97BAFB6F-7963-493C-8721-44E43D73294E}.Release|x64.Deploy.0 = Release|Any CPU
		{97BAFB6F-7963-493C-8721-44E43D73294E}.Release|x86.ActiveCfg = Release|Any CPU
		{97BAFB6F-7963-493C-8721-44E43D73294E}.Release|x86.Build.0 = Release|Any CPU
		{97BAFB6F-7963-493C-8721-44E43D73294E}.Release|x86.Deploy.0 = Release|Any CPU
		{EAFB0951-3156-470F-825B-59C2A148FE20}.Debug|Any CPU.ActiveCfg = Debug|Any CPU
		{EAFB0951-3156-470F-825B-59C2A148FE20}.Debug|Any CPU.Build.0 = Debug|Any CPU
		{EAFB0951-3156-470F-825B-59C2A148FE20}.Debug|ARM.ActiveCfg = Debug|Any CPU
		{EAFB0951-3156-470F-825B-59C2A148FE20}.Debug|ARM.Build.0 = Debug|Any CPU
		{EAFB0951-3156-470F-825B-59C2A148FE20}.Debug|ARM64.ActiveCfg = Debug|Any CPU
		{EAFB0951-3156-470F-825B-59C2A148FE20}.Debug|ARM64.Build.0 = Debug|Any CPU
		{EAFB0951-3156-470F-825B-59C2A148FE20}.Debug|x64.ActiveCfg = Debug|Any CPU
		{EAFB0951-3156-470F-825B-59C2A148FE20}.Debug|x64.Build.0 = Debug|Any CPU
		{EAFB0951-3156-470F-825B-59C2A148FE20}.Debug|x86.ActiveCfg = Debug|Any CPU
		{EAFB0951-3156-470F-825B-59C2A148FE20}.Debug|x86.Build.0 = Debug|Any CPU
		{EAFB0951-3156-470F-825B-59C2A148FE20}.Release|Any CPU.ActiveCfg = Release|Any CPU
		{EAFB0951-3156-470F-825B-59C2A148FE20}.Release|Any CPU.Build.0 = Release|Any CPU
		{EAFB0951-3156-470F-825B-59C2A148FE20}.Release|ARM.ActiveCfg = Release|Any CPU
		{EAFB0951-3156-470F-825B-59C2A148FE20}.Release|ARM.Build.0 = Release|Any CPU
		{EAFB0951-3156-470F-825B-59C2A148FE20}.Release|ARM64.ActiveCfg = Release|Any CPU
		{EAFB0951-3156-470F-825B-59C2A148FE20}.Release|ARM64.Build.0 = Release|Any CPU
		{EAFB0951-3156-470F-825B-59C2A148FE20}.Release|x64.ActiveCfg = Release|Any CPU
		{EAFB0951-3156-470F-825B-59C2A148FE20}.Release|x64.Build.0 = Release|Any CPU
		{EAFB0951-3156-470F-825B-59C2A148FE20}.Release|x86.ActiveCfg = Release|Any CPU
		{EAFB0951-3156-470F-825B-59C2A148FE20}.Release|x86.Build.0 = Release|Any CPU
	EndGlobalSection
	GlobalSection(SolutionProperties) = preSolution
		HideSolutionNode = FALSE
	EndGlobalSection
	GlobalSection(ExtensibilityGlobals) = postSolution
		SolutionGuid = {B7FDE280-2D84-4F4D-983F-8366FCA0F279}
	EndGlobalSection
EndGlobal
